
Microsoft Visual Studio Solution File, Format Version 12.00
# Visual Studio Version 16
VisualStudioVersion = 16.0.30128.74
MinimumVisualStudioVersion = 10.0.40219.1
Project("{FAE04EC0-301F-11D3-BF4B-00C04F79EFBC}") = "qDatabase", "qDatabase.csproj", "{2C4DE59A-8914-4E5D-9AEE-40632D59FE9D}"
EndProject
Global
	GlobalSection(SolutionConfigurationPlatforms) = preSolution
		Debug|Any CPU = Debug|Any CPU
		Release|Any CPU = Release|Any CPU
	EndGlobalSection
	GlobalSection(ProjectConfigurationPlatforms) = postSolution
		{2C4DE59A-8914-4E5D-9AEE-40632D59FE9D}.Debug|Any CPU.ActiveCfg = Debug|Any CPU
		{2C4DE59A-8914-4E5D-9AEE-40632D59FE9D}.Debug|Any CPU.Build.0 = Debug|Any CPU
		{2C4DE59A-8914-4E5D-9AEE-40632D59FE9D}.Release|Any CPU.ActiveCfg = Release|Any CPU
		{2C4DE59A-8914-4E5D-9AEE-40632D59FE9D}.Release|Any CPU.Build.0 = Release|Any CPU
	EndGlobalSection
	GlobalSection(SolutionProperties) = preSolution
		HideSolutionNode = FALSE
	EndGlobalSection
	GlobalSection(ExtensibilityGlobals) = postSolution
		SolutionGuid = {AC70511C-7D19-4D2D-B3DA-46EB8E8FA66C}
	EndGlobalSection
EndGlobal
